// !$*UTF8*$!
{
	archiveVersion = 1;
	classes = {
	};
	objectVersion = 46;
	objects = {

/* Begin PBXBuildFile section */
		712A90EC1877BAAF0061B893 /* Foundation.framework in Frameworks */ = {isa = PBXBuildFile; fileRef = 712A90EB1877BAAF0061B893 /* Foundation.framework */; };
		712A90EE1877BAAF0061B893 /* CoreGraphics.framework in Frameworks */ = {isa = PBXBuildFile; fileRef = 712A90ED1877BAAF0061B893 /* CoreGraphics.framework */; };
		712A90F01877BAAF0061B893 /* UIKit.framework in Frameworks */ = {isa = PBXBuildFile; fileRef = 712A90EF1877BAAF0061B893 /* UIKit.framework */; };
		712A90F61877BAAF0061B893 /* InfoPlist.strings in Resources */ = {isa = PBXBuildFile; fileRef = 712A90F41877BAAF0061B893 /* InfoPlist.strings */; };
		712A90F81877BAAF0061B893 /* main.m in Sources */ = {isa = PBXBuildFile; fileRef = 712A90F71877BAAF0061B893 /* main.m */; };
		712A90FC1877BAAF0061B893 /* AppDelegate.m in Sources */ = {isa = PBXBuildFile; fileRef = 712A90FB1877BAAF0061B893 /* AppDelegate.m */; };
		712A90FF1877BAAF0061B893 /* Main.storyboard in Resources */ = {isa = PBXBuildFile; fileRef = 712A90FD1877BAAF0061B893 /* Main.storyboard */; };
		712A91041877BAAF0061B893 /* Images.xcassets in Resources */ = {isa = PBXBuildFile; fileRef = 712A91031877BAAF0061B893 /* Images.xcassets */; };
		712A910B1877BAAF0061B893 /* XCTest.framework in Frameworks */ = {isa = PBXBuildFile; fileRef = 712A910A1877BAAF0061B893 /* XCTest.framework */; };
		712A910C1877BAAF0061B893 /* Foundation.framework in Frameworks */ = {isa = PBXBuildFile; fileRef = 712A90EB1877BAAF0061B893 /* Foundation.framework */; };
		712A910D1877BAAF0061B893 /* UIKit.framework in Frameworks */ = {isa = PBXBuildFile; fileRef = 712A90EF1877BAAF0061B893 /* UIKit.framework */; };
		712A91151877BAAF0061B893 /* InfoPlist.strings in Resources */ = {isa = PBXBuildFile; fileRef = 712A91131877BAAF0061B893 /* InfoPlist.strings */; };
		712A91171877BAAF0061B893 /* DemoFlickrTests.m in Sources */ = {isa = PBXBuildFile; fileRef = 712A91161877BAAF0061B893 /* DemoFlickrTests.m */; };
		712A91271877BAD90061B893 /* Music.m4a in Resources */ = {isa = PBXBuildFile; fileRef = 712A91201877BAD90061B893 /* Music.m4a */; };
		712A91281877BAD90061B893 /* DemoFlickrViewController.xib in Resources */ = {isa = PBXBuildFile; fileRef = 712A91211877BAD90061B893 /* DemoFlickrViewController.xib */; };
		712A91291877BAD90061B893 /* FlickrTable.xib in Resources */ = {isa = PBXBuildFile; fileRef = 712A91221877BAD90061B893 /* FlickrTable.xib */; };
		712A912A1877BAD90061B893 /* FlickrTable.m in Sources */ = {isa = PBXBuildFile; fileRef = 712A91231877BAD90061B893 /* FlickrTable.m */; };
		712A912B1877BAD90061B893 /* DemoFlickrViewController.m in Sources */ = {isa = PBXBuildFile; fileRef = 712A91251877BAD90061B893 /* DemoFlickrViewController.m */; };
		712A912D1877BC960061B893 /* AVFoundation.framework in Frameworks */ = {isa = PBXBuildFile; fileRef = 712A912C1877BC960061B893 /* AVFoundation.framework */; };
		712A912F1877BC9D0061B893 /* AudioToolbox.framework in Frameworks */ = {isa = PBXBuildFile; fileRef = 712A912E1877BC9D0061B893 /* AudioToolbox.framework */; };
		712A91311877BCA40061B893 /* MediaPlayer.framework in Frameworks */ = {isa = PBXBuildFile; fileRef = 712A91301877BCA40061B893 /* MediaPlayer.framework */; };
		712A92761877CE840061B893 /* Sumo.png in Resources */ = {isa = PBXBuildFile; fileRef = 712A92741877CE840061B893 /* Sumo.png */; };
		712A92771877CE840061B893 /* Sumo60x60.png in Resources */ = {isa = PBXBuildFile; fileRef = 712A92751877CE840061B893 /* Sumo60x60.png */; };
/* End PBXBuildFile section */

/* Begin PBXContainerItemProxy section */
		712A910E1877BAAF0061B893 /* PBXContainerItemProxy */ = {
			isa = PBXContainerItemProxy;
			containerPortal = 712A90E01877BAAF0061B893 /* Project object */;
			proxyType = 1;
			remoteGlobalIDString = 712A90E71877BAAF0061B893;
			remoteInfo = DemoFlickr;
		};
/* End PBXContainerItemProxy section */

/* Begin PBXFileReference section */
		712A90E81877BAAF0061B893 /* DemoFlickr.app */ = {isa = PBXFileReference; explicitFileType = wrapper.application; includeInIndex = 0; path = DemoFlickr.app; sourceTree = BUILT_PRODUCTS_DIR; };
		712A90EB1877BAAF0061B893 /* Foundation.framework */ = {isa = PBXFileReference; lastKnownFileType = wrapper.framework; name = Foundation.framework; path = System/Library/Frameworks/Foundation.framework; sourceTree = SDKROOT; };
		712A90ED1877BAAF0061B893 /* CoreGraphics.framework */ = {isa = PBXFileReference; lastKnownFileType = wrapper.framework; name = CoreGraphics.framework; path = System/Library/Frameworks/CoreGraphics.framework; sourceTree = SDKROOT; };
		712A90EF1877BAAF0061B893 /* UIKit.framework */ = {isa = PBXFileReference; lastKnownFileType = wrapper.framework; name = UIKit.framework; path = System/Library/Frameworks/UIKit.framework; sourceTree = SDKROOT; };
		712A90F31877BAAF0061B893 /* DemoFlickr-Info.plist */ = {isa = PBXFileReference; lastKnownFileType = text.plist.xml; path = "DemoFlickr-Info.plist"; sourceTree = "<group>"; };
		712A90F51877BAAF0061B893 /* en */ = {isa = PBXFileReference; lastKnownFileType = text.plist.strings; name = en; path = en.lproj/InfoPlist.strings; sourceTree = "<group>"; };
		712A90F71877BAAF0061B893 /* main.m */ = {isa = PBXFileReference; lastKnownFileType = sourcecode.c.objc; path = main.m; sourceTree = "<group>"; };
		712A90F91877BAAF0061B893 /* DemoFlickr-Prefix.pch */ = {isa = PBXFileReference; lastKnownFileType = sourcecode.c.h; path = "DemoFlickr-Prefix.pch"; sourceTree = "<group>"; };
		712A90FA1877BAAF0061B893 /* AppDelegate.h */ = {isa = PBXFileReference; lastKnownFileType = sourcecode.c.h; path = AppDelegate.h; sourceTree = "<group>"; };
		712A90FB1877BAAF0061B893 /* AppDelegate.m */ = {isa = PBXFileReference; lastKnownFileType = sourcecode.c.objc; path = AppDelegate.m; sourceTree = "<group>"; };
		712A90FE1877BAAF0061B893 /* Base */ = {isa = PBXFileReference; lastKnownFileType = file.storyboard; name = Base; path = Base.lproj/Main.storyboard; sourceTree = "<group>"; };
		712A91031877BAAF0061B893 /* Images.xcassets */ = {isa = PBXFileReference; lastKnownFileType = folder.assetcatalog; path = Images.xcassets; sourceTree = "<group>"; };
		712A91091877BAAF0061B893 /* DemoFlickrTests.xctest */ = {isa = PBXFileReference; explicitFileType = wrapper.cfbundle; includeInIndex = 0; path = DemoFlickrTests.xctest; sourceTree = BUILT_PRODUCTS_DIR; };
		712A910A1877BAAF0061B893 /* XCTest.framework */ = {isa = PBXFileReference; lastKnownFileType = wrapper.framework; name = XCTest.framework; path = Library/Frameworks/XCTest.framework; sourceTree = DEVELOPER_DIR; };
		712A91121877BAAF0061B893 /* DemoFlickrTests-Info.plist */ = {isa = PBXFileReference; lastKnownFileType = text.plist.xml; path = "DemoFlickrTests-Info.plist"; sourceTree = "<group>"; };
		712A91141877BAAF0061B893 /* en */ = {isa = PBXFileReference; lastKnownFileType = text.plist.strings; name = en; path = en.lproj/InfoPlist.strings; sourceTree = "<group>"; };
		712A91161877BAAF0061B893 /* DemoFlickrTests.m */ = {isa = PBXFileReference; lastKnownFileType = sourcecode.c.objc; path = DemoFlickrTests.m; sourceTree = "<group>"; };
		712A91201877BAD90061B893 /* Music.m4a */ = {isa = PBXFileReference; lastKnownFileType = file; name = Music.m4a; path = ../Music.m4a; sourceTree = "<group>"; };
		712A91211877BAD90061B893 /* DemoFlickrViewController.xib */ = {isa = PBXFileReference; fileEncoding = 4; lastKnownFileType = file.xib; path = DemoFlickrViewController.xib; sourceTree = SOURCE_ROOT; };
		712A91221877BAD90061B893 /* FlickrTable.xib */ = {isa = PBXFileReference; fileEncoding = 4; lastKnownFileType = file.xib; name = FlickrTable.xib; path = ../FlickrTable.xib; sourceTree = "<group>"; };
		712A91231877BAD90061B893 /* FlickrTable.m */ = {isa = PBXFileReference; fileEncoding = 4; lastKnownFileType = sourcecode.c.objc; name = FlickrTable.m; path = ../FlickrTable.m; sourceTree = "<group>"; };
		712A91241877BAD90061B893 /* FlickrTable.h */ = {isa = PBXFileReference; fileEncoding = 4; lastKnownFileType = sourcecode.c.h; name = FlickrTable.h; path = ../FlickrTable.h; sourceTree = "<group>"; };
		712A91251877BAD90061B893 /* DemoFlickrViewController.m */ = {isa = PBXFileReference; fileEncoding = 4; lastKnownFileType = sourcecode.c.objc; path = DemoFlickrViewController.m; sourceTree = SOURCE_ROOT; };
		712A91261877BAD90061B893 /* DemoFlickrViewController.h */ = {isa = PBXFileReference; fileEncoding = 4; lastKnownFileType = sourcecode.c.h; path = DemoFlickrViewController.h; sourceTree = SOURCE_ROOT; };
		712A912C1877BC960061B893 /* AVFoundation.framework */ = {isa = PBXFileReference; lastKnownFileType = wrapper.framework; name = AVFoundation.framework; path = System/Library/Frameworks/AVFoundation.framework; sourceTree = SDKROOT; };
		712A912E1877BC9D0061B893 /* AudioToolbox.framework */ = {isa = PBXFileReference; lastKnownFileType = wrapper.framework; name = AudioToolbox.framework; path = System/Library/Frameworks/AudioToolbox.framework; sourceTree = SDKROOT; };
		712A91301877BCA40061B893 /* MediaPlayer.framework */ = {isa = PBXFileReference; lastKnownFileType = wrapper.framework; name = MediaPlayer.framework; path = System/Library/Frameworks/MediaPlayer.framework; sourceTree = SDKROOT; };
		712A92741877CE840061B893 /* Sumo.png */ = {isa = PBXFileReference; lastKnownFileType = image.png; name = Sumo.png; path = ../Sumo.png; sourceTree = "<group>"; };
		712A92751877CE840061B893 /* Sumo60x60.png */ = {isa = PBXFileReference; lastKnownFileType = image.png; name = Sumo60x60.png; path = ../Sumo60x60.png; sourceTree = "<group>"; };
/* End PBXFileReference section */

/* Begin PBXFrameworksBuildPhase section */
		712A90E51877BAAF0061B893 /* Frameworks */ = {
			isa = PBXFrameworksBuildPhase;
			buildActionMask = 2147483647;
			files = (
				712A91311877BCA40061B893 /* MediaPlayer.framework in Frameworks */,
				712A912F1877BC9D0061B893 /* AudioToolbox.framework in Frameworks */,
				712A912D1877BC960061B893 /* AVFoundation.framework in Frameworks */,
				712A90EE1877BAAF0061B893 /* CoreGraphics.framework in Frameworks */,
				712A90F01877BAAF0061B893 /* UIKit.framework in Frameworks */,
				712A90EC1877BAAF0061B893 /* Foundation.framework in Frameworks */,
			);
			runOnlyForDeploymentPostprocessing = 0;
		};
		712A91061877BAAF0061B893 /* Frameworks */ = {
			isa = PBXFrameworksBuildPhase;
			buildActionMask = 2147483647;
			files = (
				712A910B1877BAAF0061B893 /* XCTest.framework in Frameworks */,
				712A910D1877BAAF0061B893 /* UIKit.framework in Frameworks */,
				712A910C1877BAAF0061B893 /* Foundation.framework in Frameworks */,
			);
			runOnlyForDeploymentPostprocessing = 0;
		};
/* End PBXFrameworksBuildPhase section */

/* Begin PBXGroup section */
		712A90DF1877BAAF0061B893 = {
			isa = PBXGroup;
			children = (
				712A90F11877BAAF0061B893 /* DemoFlickr */,
				712A91101877BAAF0061B893 /* DemoFlickrTests */,
				712A90EA1877BAAF0061B893 /* Frameworks */,
				712A90E91877BAAF0061B893 /* Products */,
			);
			sourceTree = "<group>";
		};
		712A90E91877BAAF0061B893 /* Products */ = {
			isa = PBXGroup;
			children = (
				712A90E81877BAAF0061B893 /* DemoFlickr.app */,
				712A91091877BAAF0061B893 /* DemoFlickrTests.xctest */,
			);
			name = Products;
			sourceTree = "<group>";
		};
		712A90EA1877BAAF0061B893 /* Frameworks */ = {
			isa = PBXGroup;
			children = (
				712A91301877BCA40061B893 /* MediaPlayer.framework */,
				712A912E1877BC9D0061B893 /* AudioToolbox.framework */,
				712A912C1877BC960061B893 /* AVFoundation.framework */,
				712A90EB1877BAAF0061B893 /* Foundation.framework */,
				712A90ED1877BAAF0061B893 /* CoreGraphics.framework */,
				712A90EF1877BAAF0061B893 /* UIKit.framework */,
				712A910A1877BAAF0061B893 /* XCTest.framework */,
			);
			name = Frameworks;
			sourceTree = "<group>";
		};
		712A90F11877BAAF0061B893 /* DemoFlickr */ = {
			isa = PBXGroup;
			children = (
				712A91241877BAD90061B893 /* FlickrTable.h */,
				712A91231877BAD90061B893 /* FlickrTable.m */,
				712A91221877BAD90061B893 /* FlickrTable.xib */,
				712A91261877BAD90061B893 /* DemoFlickrViewController.h */,
				712A91251877BAD90061B893 /* DemoFlickrViewController.m */,
				712A91211877BAD90061B893 /* DemoFlickrViewController.xib */,
				712A90FA1877BAAF0061B893 /* AppDelegate.h */,
				712A90FB1877BAAF0061B893 /* AppDelegate.m */,
				712A90FD1877BAAF0061B893 /* Main.storyboard */,
				712A91031877BAAF0061B893 /* Images.xcassets */,
				712A90F21877BAAF0061B893 /* Supporting Files */,
			);
			path = DemoFlickr;
			sourceTree = "<group>";
		};
		712A90F21877BAAF0061B893 /* Supporting Files */ = {
			isa = PBXGroup;
			children = (
				712A91201877BAD90061B893 /* Music.m4a */,
				712A92741877CE840061B893 /* Sumo.png */,
				712A92751877CE840061B893 /* Sumo60x60.png */,
				712A90F31877BAAF0061B893 /* DemoFlickr-Info.plist */,
				712A90F41877BAAF0061B893 /* InfoPlist.strings */,
				712A90F71877BAAF0061B893 /* main.m */,
				712A90F91877BAAF0061B893 /* DemoFlickr-Prefix.pch */,
			);
			name = "Supporting Files";
			sourceTree = "<group>";
		};
		712A91101877BAAF0061B893 /* DemoFlickrTests */ = {
			isa = PBXGroup;
			children = (
				712A91161877BAAF0061B893 /* DemoFlickrTests.m */,
				712A91111877BAAF0061B893 /* Supporting Files */,
			);
			path = DemoFlickrTests;
			sourceTree = "<group>";
		};
		712A91111877BAAF0061B893 /* Supporting Files */ = {
			isa = PBXGroup;
			children = (
				712A91121877BAAF0061B893 /* DemoFlickrTests-Info.plist */,
				712A91131877BAAF0061B893 /* InfoPlist.strings */,
			);
			name = "Supporting Files";
			sourceTree = "<group>";
		};
/* End PBXGroup section */

/* Begin PBXNativeTarget section */
		712A90E71877BAAF0061B893 /* DemoFlickr */ = {
			isa = PBXNativeTarget;
			buildConfigurationList = 712A911A1877BAAF0061B893 /* Build configuration list for PBXNativeTarget "DemoFlickr" */;
			buildPhases = (
				712A90E41877BAAF0061B893 /* Sources */,
				712A90E51877BAAF0061B893 /* Frameworks */,
				712A90E61877BAAF0061B893 /* Resources */,
			);
			buildRules = (
			);
			dependencies = (
			);
			name = DemoFlickr;
			productName = DemoFlickr;
			productReference = 712A90E81877BAAF0061B893 /* DemoFlickr.app */;
			productType = "com.apple.product-type.application";
		};
		712A91081877BAAF0061B893 /* DemoFlickrTests */ = {
			isa = PBXNativeTarget;
			buildConfigurationList = 712A911D1877BAAF0061B893 /* Build configuration list for PBXNativeTarget "DemoFlickrTests" */;
			buildPhases = (
				712A91051877BAAF0061B893 /* Sources */,
				712A91061877BAAF0061B893 /* Frameworks */,
				712A91071877BAAF0061B893 /* Resources */,
			);
			buildRules = (
			);
			dependencies = (
				712A910F1877BAAF0061B893 /* PBXTargetDependency */,
			);
			name = DemoFlickrTests;
			productName = DemoFlickrTests;
			productReference = 712A91091877BAAF0061B893 /* DemoFlickrTests.xctest */;
			productType = "com.apple.product-type.bundle.unit-test";
		};
/* End PBXNativeTarget section */

/* Begin PBXProject section */
		712A90E01877BAAF0061B893 /* Project object */ = {
			isa = PBXProject;
			attributes = {
				LastUpgradeCheck = 0500;
				ORGANIZATIONNAME = "Ouh Eng LIeh";
				TargetAttributes = {
					712A91081877BAAF0061B893 = {
						TestTargetID = 712A90E71877BAAF0061B893;
					};
				};
			};
			buildConfigurationList = 712A90E31877BAAF0061B893 /* Build configuration list for PBXProject "DemoFlickr" */;
			compatibilityVersion = "Xcode 3.2";
			developmentRegion = English;
			hasScannedForEncodings = 0;
			knownRegions = (
				en,
				Base,
			);
			mainGroup = 712A90DF1877BAAF0061B893;
			productRefGroup = 712A90E91877BAAF0061B893 /* Products */;
			projectDirPath = "";
			projectRoot = "";
			targets = (
				712A90E71877BAAF0061B893 /* DemoFlickr */,
				712A91081877BAAF0061B893 /* DemoFlickrTests */,
			);
		};
/* End PBXProject section */

/* Begin PBXResourcesBuildPhase section */
		712A90E61877BAAF0061B893 /* Resources */ = {
			isa = PBXResourcesBuildPhase;
			buildActionMask = 2147483647;
			files = (
				712A92771877CE840061B893 /* Sumo60x60.png in Resources */,
				712A92761877CE840061B893 /* Sumo.png in Resources */,
				712A91041877BAAF0061B893 /* Images.xcassets in Resources */,
				712A91281877BAD90061B893 /* DemoFlickrViewController.xib in Resources */,
				712A90F61877BAAF0061B893 /* InfoPlist.strings in Resources */,
				712A91291877BAD90061B893 /* FlickrTable.xib in Resources */,
				712A91271877BAD90061B893 /* Music.m4a in Resources */,
				712A90FF1877BAAF0061B893 /* Main.storyboard in Resources */,
			);
			runOnlyForDeploymentPostprocessing = 0;
		};
		712A91071877BAAF0061B893 /* Resources */ = {
			isa = PBXResourcesBuildPhase;
			buildActionMask = 2147483647;
			files = (
				712A91151877BAAF0061B893 /* InfoPlist.strings in Resources */,
			);
			runOnlyForDeploymentPostprocessing = 0;
		};
/* End PBXResourcesBuildPhase section */

/* Begin PBXSourcesBuildPhase section */
		712A90E41877BAAF0061B893 /* Sources */ = {
			isa = PBXSourcesBuildPhase;
			buildActionMask = 2147483647;
			files = (
				712A90FC1877BAAF0061B893 /* AppDelegate.m in Sources */,
				712A90F81877BAAF0061B893 /* main.m in Sources */,
				712A912B1877BAD90061B893 /* DemoFlickrViewController.m in Sources */,
				712A912A1877BAD90061B893 /* FlickrTable.m in Sources */,
			);
			runOnlyForDeploymentPostprocessing = 0;
		};
		712A91051877BAAF0061B893 /* Sources */ = {
			isa = PBXSourcesBuildPhase;
			buildActionMask = 2147483647;
			files = (
				712A91171877BAAF0061B893 /* DemoFlickrTests.m in Sources */,
			);
			runOnlyForDeploymentPostprocessing = 0;
		};
/* End PBXSourcesBuildPhase section */

/* Begin PBXTargetDependency section */
		712A910F1877BAAF0061B893 /* PBXTargetDependency */ = {
			isa = PBXTargetDependency;
			target = 712A90E71877BAAF0061B893 /* DemoFlickr */;
			targetProxy = 712A910E1877BAAF0061B893 /* PBXContainerItemProxy */;
		};
/* End PBXTargetDependency section */

/* Begin PBXVariantGroup section */
		712A90F41877BAAF0061B893 /* InfoPlist.strings */ = {
			isa = PBXVariantGroup;
			children = (
				712A90F51877BAAF0061B893 /* en */,
			);
			name = InfoPlist.strings;
			sourceTree = "<group>";
		};
		712A90FD1877BAAF0061B893 /* Main.storyboard */ = {
			isa = PBXVariantGroup;
			children = (
				712A90FE1877BAAF0061B893 /* Base */,
			);
			name = Main.storyboard;
			sourceTree = "<group>";
		};
		712A91131877BAAF0061B893 /* InfoPlist.strings */ = {
			isa = PBXVariantGroup;
			children = (
				712A91141877BAAF0061B893 /* en */,
			);
			name = InfoPlist.strings;
			sourceTree = "<group>";
		};
/* End PBXVariantGroup section */

/* Begin XCBuildConfiguration section */
		712A91181877BAAF0061B893 /* Debug */ = {
			isa = XCBuildConfiguration;
			buildSettings = {
				ALWAYS_SEARCH_USER_PATHS = NO;
				ARCHS = "$(ARCHS_STANDARD_INCLUDING_64_BIT)";
				CLANG_CXX_LANGUAGE_STANDARD = "gnu++0x";
				CLANG_CXX_LIBRARY = "libc++";
				CLANG_ENABLE_MODULES = YES;
				CLANG_ENABLE_OBJC_ARC = YES;
				CLANG_WARN_BOOL_CONVERSION = YES;
				CLANG_WARN_CONSTANT_CONVERSION = YES;
				CLANG_WARN_DIRECT_OBJC_ISA_USAGE = YES_ERROR;
				CLANG_WARN_EMPTY_BODY = YES;
				CLANG_WARN_ENUM_CONVERSION = YES;
				CLANG_WARN_INT_CONVERSION = YES;
				CLANG_WARN_OBJC_ROOT_CLASS = YES_ERROR;
				CLANG_WARN__DUPLICATE_METHOD_MATCH = YES;
				"CODE_SIGN_IDENTITY[sdk=iphoneos*]" = "iPhone Developer";
				COPY_PHASE_STRIP = NO;
				GCC_C_LANGUAGE_STANDARD = gnu99;
				GCC_DYNAMIC_NO_PIC = NO;
				GCC_OPTIMIZATION_LEVEL = 0;
				GCC_PREPROCESSOR_DEFINITIONS = (
					"DEBUG=1",
					"$(inherited)",
				);
				GCC_SYMBOLS_PRIVATE_EXTERN = NO;
				GCC_WARN_64_TO_32_BIT_CONVERSION = YES;
				GCC_WARN_ABOUT_RETURN_TYPE = YES_ERROR;
				GCC_WARN_UNDECLARED_SELECTOR = YES;
				GCC_WARN_UNINITIALIZED_AUTOS = YES;
				GCC_WARN_UNUSED_FUNCTION = YES;
				GCC_WARN_UNUSED_VARIABLE = YES;
				IPHONEOS_DEPLOYMENT_TARGET = 7.0;
				ONLY_ACTIVE_ARCH = YES;
				SDKROOT = iphoneos;
			};
			name = Debug;
		};
		712A91191877BAAF0061B893 /* Release */ = {
			isa = XCBuildConfiguration;
			buildSettings = {
				ALWAYS_SEARCH_USER_PATHS = NO;
				ARCHS = "$(ARCHS_STANDARD_INCLUDING_64_BIT)";
				CLANG_CXX_LANGUAGE_STANDARD = "gnu++0x";
				CLANG_CXX_LIBRARY = "libc++";
				CLANG_ENABLE_MODULES = YES;
				CLANG_ENABLE_OBJC_ARC = YES;
				CLANG_WARN_BOOL_CONVERSION = YES;
				CLANG_WARN_CONSTANT_CONVERSION = YES;
				CLANG_WARN_DIRECT_OBJC_ISA_USAGE = YES_ERROR;
				CLANG_WARN_EMPTY_BODY = YES;
				CLANG_WARN_ENUM_CONVERSION = YES;
				CLANG_WARN_INT_CONVERSION = YES;
				CLANG_WARN_OBJC_ROOT_CLASS = YES_ERROR;
				CLANG_WARN__DUPLICATE_METHOD_MATCH = YES;
				"CODE_SIGN_IDENTITY[sdk=iphoneos*]" = "iPhone Developer";
				COPY_PHASE_STRIP = YES;
				ENABLE_NS_ASSERTIONS = NO;
				GCC_C_LANGUAGE_STANDARD = gnu99;
				GCC_WARN_64_TO_32_BIT_CONVERSION = YES;
				GCC_WARN_ABOUT_RETURN_TYPE = YES_ERROR;
				GCC_WARN_UNDECLARED_SELECTOR = YES;
				GCC_WARN_UNINITIALIZED_AUTOS = YES;
				GCC_WARN_UNUSED_FUNCTION = YES;
				GCC_WARN_UNUSED_VARIABLE = YES;
				IPHONEOS_DEPLOYMENT_TARGET = 7.0;
				SDKROOT = iphoneos;
				VALIDATE_PRODUCT = YES;
			};
			name = Release;
		};
		712A911B1877BAAF0061B893 /* Debug */ = {
			isa = XCBuildConfiguration;
			buildSettings = {
				ASSETCATALOG_COMPILER_APPICON_NAME = AppIcon;
				ASSETCATALOG_COMPILER_LAUNCHIMAGE_NAME = LaunchImage;
				GCC_PRECOMPILE_PREFIX_HEADER = YES;
				GCC_PREFIX_HEADER = "DemoFlickr/DemoFlickr-Prefix.pch";
				INFOPLIST_FILE = "DemoFlickr/DemoFlickr-Info.plist";
				PRODUCT_NAME = "$(TARGET_NAME)";
				WRAPPER_EXTENSION = app;
			};
			name = Debug;
		};
		712A911C1877BAAF0061B893 /* Release */ = {
			isa = XCBuildConfiguration;
			buildSettings = {
				ASSETCATALOG_COMPILER_APPICON_NAME = AppIcon;
				ASSETCATALOG_COMPILER_LAUNCHIMAGE_NAME = LaunchImage;
				GCC_PRECOMPILE_PREFIX_HEADER = YES;
				GCC_PREFIX_HEADER = "DemoFlickr/DemoFlickr-Prefix.pch";
				INFOPLIST_FILE = "DemoFlickr/DemoFlickr-Info.plist";
				PRODUCT_NAME = "$(TARGET_NAME)";
				WRAPPER_EXTENSION = app;
			};
			name = Release;
		};
		712A911E1877BAAF0061B893 /* Debug */ = {
			isa = XCBuildConfiguration;
			buildSettings = {
				ARCHS = "$(ARCHS_STANDARD_INCLUDING_64_BIT)";
				BUNDLE_LOADER = "$(BUILT_PRODUCTS_DIR)/DemoFlickr.app/DemoFlickr";
				FRAMEWORK_SEARCH_PATHS = (
					"$(SDKROOT)/Developer/Library/Frameworks",
					"$(inherited)",
					"$(DEVELOPER_FRAMEWORKS_DIR)",
				);
				GCC_PRECOMPILE_PREFIX_HEADER = YES;
				GCC_PREFIX_HEADER = "DemoFlickr/DemoFlickr-Prefix.pch";
				GCC_PREPROCESSOR_DEFINITIONS = (
					"DEBUG=1",
					"$(inherited)",
				);
				INFOPLIST_FILE = "DemoFlickrTests/DemoFlickrTests-Info.plist";
				PRODUCT_NAME = "$(TARGET_NAME)";
				TEST_HOST = "$(BUNDLE_LOADER)";
				WRAPPER_EXTENSION = xctest;
			};
			name = Debug;
		};
		712A911F1877BAAF0061B893 /* Release */ = {
			isa = XCBuildConfiguration;
			buildSettings = {
				ARCHS = "$(ARCHS_STANDARD_INCLUDING_64_BIT)";
				BUNDLE_LOADER = "$(BUILT_PRODUCTS_DIR)/DemoFlickr.app/DemoFlickr";
				FRAMEWORK_SEARCH_PATHS = (
					"$(SDKROOT)/Developer/Library/Frameworks",
					"$(inherited)",
					"$(DEVELOPER_FRAMEWORKS_DIR)",
				);
				GCC_PRECOMPILE_PREFIX_HEADER = YES;
				GCC_PREFIX_HEADER = "DemoFlickr/DemoFlickr-Prefix.pch";
				INFOPLIST_FILE = "DemoFlickrTests/DemoFlickrTests-Info.plist";
				PRODUCT_NAME = "$(TARGET_NAME)";
				TEST_HOST = "$(BUNDLE_LOADER)";
				WRAPPER_EXTENSION = xctest;
			};
			name = Release;
		};
/* End XCBuildConfiguration section */

/* Begin XCConfigurationList section */
		712A90E31877BAAF0061B893 /* Build configuration list for PBXProject "DemoFlickr" */ = {
			isa = XCConfigurationList;
			buildConfigurations = (
				712A91181877BAAF0061B893 /* Debug */,
				712A91191877BAAF0061B893 /* Release */,
			);
			defaultConfigurationIsVisible = 0;
			defaultConfigurationName = Release;
		};
		712A911A1877BAAF0061B893 /* Build configuration list for PBXNativeTarget "DemoFlickr" */ = {
			isa = XCConfigurationList;
			buildConfigurations = (
				712A911B1877BAAF0061B893 /* Debug */,
				712A911C1877BAAF0061B893 /* Release */,
			);
			defaultConfigurationIsVisible = 0;
			defaultConfigurationName = Release;
		};
		712A911D1877BAAF0061B893 /* Build configuration list for PBXNativeTarget "DemoFlickrTests" */ = {
			isa = XCConfigurationList;
			buildConfigurations = (
				712A911E1877BAAF0061B893 /* Debug */,
				712A911F1877BAAF0061B893 /* Release */,
			);
			defaultConfigurationIsVisible = 0;
			defaultConfigurationName = Release;
		};
/* End XCConfigurationList section */
	};
	rootObject = 712A90E01877BAAF0061B893 /* Project object */;
}
